
Microsoft Visual Studio Solution File, Format Version 12.00
# Visual Studio 2012
Project("{6989167D-11E4-40FE-8C1A-2192A86A7E90}") = "LAPJVTEST", "LAPJVTEST\LAPJVTEST.vfproj", "{8504B6E8-978F-4C35-AE54-9CF83DB47ACD}"
	ProjectSection(ProjectDependencies) = postProject
		{2FA5D6C6-3123-410C-9848-349B4DA23EB8} = {2FA5D6C6-3123-410C-9848-349B4DA23EB8}
	EndProjectSection
EndProject
Project("{6989167D-11E4-40FE-8C1A-2192A86A7E90}") = "lotsizing1", "lotsizing1\lotsizing1.vfproj", "{2FA5D6C6-3123-410C-9848-349B4DA23EB8}"
EndProject
Project("{6989167D-11E4-40FE-8C1A-2192A86A7E90}") = "jv", "jv\jv.vfproj", "{B597F8AE-4699-4A29-8C0D-C1C0A5F73F94}"
EndProject
Project("{6989167D-11E4-40FE-8C1A-2192A86A7E90}") = "experiment1", "experiment1\experiment1.vfproj", "{0D4A8FA3-4D54-4DAD-A763-E18450892BA9}"
	ProjectSection(ProjectDependencies) = postProject
		{2FA5D6C6-3123-410C-9848-349B4DA23EB8} = {2FA5D6C6-3123-410C-9848-349B4DA23EB8}
	EndProjectSection
EndProject
Project("{6989167D-11E4-40FE-8C1A-2192A86A7E90}") = "heaptest", "heaptest\heaptest.vfproj", "{BC665FBC-1CC1-4441-B100-FC014DC8B550}"
	ProjectSection(ProjectDependencies) = postProject
		{2FA5D6C6-3123-410C-9848-349B4DA23EB8} = {2FA5D6C6-3123-410C-9848-349B4DA23EB8}
	EndProjectSection
EndProject
Project("{6989167D-11E4-40FE-8C1A-2192A86A7E90}") = "HeuristicTest", "HeuristicTest\HeuristicTest.vfproj", "{24F829A7-464C-4515-AD9E-F828A4E39BCD}"
	ProjectSection(ProjectDependencies) = postProject
		{2FA5D6C6-3123-410C-9848-349B4DA23EB8} = {2FA5D6C6-3123-410C-9848-349B4DA23EB8}
	EndProjectSection
EndProject
Global
	GlobalSection(SolutionConfigurationPlatforms) = preSolution
		Debug|Any CPU = Debug|Any CPU
		Debug|Mixed Platforms = Debug|Mixed Platforms
		Debug|Win32 = Debug|Win32
		Intel_SSA|Any CPU = Intel_SSA|Any CPU
		Intel_SSA|Mixed Platforms = Intel_SSA|Mixed Platforms
		Intel_SSA|Win32 = Intel_SSA|Win32
		Release|Any CPU = Release|Any CPU
		Release|Mixed Platforms = Release|Mixed Platforms
		Release|Win32 = Release|Win32
	EndGlobalSection
	GlobalSection(ProjectConfigurationPlatforms) = postSolution
		{8504B6E8-978F-4C35-AE54-9CF83DB47ACD}.Debug|Any CPU.ActiveCfg = Debug|Win32
		{8504B6E8-978F-4C35-AE54-9CF83DB47ACD}.Debug|Mixed Platforms.ActiveCfg = Debug|Win32
		{8504B6E8-978F-4C35-AE54-9CF83DB47ACD}.Debug|Mixed Platforms.Build.0 = Debug|Win32
		{8504B6E8-978F-4C35-AE54-9CF83DB47ACD}.Debug|Win32.ActiveCfg = Debug|Win32
		{8504B6E8-978F-4C35-AE54-9CF83DB47ACD}.Debug|Win32.Build.0 = Debug|Win32
		{8504B6E8-978F-4C35-AE54-9CF83DB47ACD}.Intel_SSA|Any CPU.ActiveCfg = Intel_SSA|Win32
		{8504B6E8-978F-4C35-AE54-9CF83DB47ACD}.Intel_SSA|Mixed Platforms.ActiveCfg = Intel_SSA|Win32
		{8504B6E8-978F-4C35-AE54-9CF83DB47ACD}.Intel_SSA|Mixed Platforms.Build.0 = Intel_SSA|Win32
		{8504B6E8-978F-4C35-AE54-9CF83DB47ACD}.Intel_SSA|Win32.ActiveCfg = Intel_SSA|Win32
		{8504B6E8-978F-4C35-AE54-9CF83DB47ACD}.Intel_SSA|Win32.Build.0 = Intel_SSA|Win32
		{8504B6E8-978F-4C35-AE54-9CF83DB47ACD}.Release|Any CPU.ActiveCfg = Release|Win32
		{8504B6E8-978F-4C35-AE54-9CF83DB47ACD}.Release|Mixed Platforms.ActiveCfg = Release|Win32
		{8504B6E8-978F-4C35-AE54-9CF83DB47ACD}.Release|Mixed Platforms.Build.0 = Release|Win32
		{8504B6E8-978F-4C35-AE54-9CF83DB47ACD}.Release|Win32.ActiveCfg = Release|Win32
		{8504B6E8-978F-4C35-AE54-9CF83DB47ACD}.Release|Win32.Build.0 = Release|Win32
		{2FA5D6C6-3123-410C-9848-349B4DA23EB8}.Debug|Any CPU.ActiveCfg = Debug|Win32
		{2FA5D6C6-3123-410C-9848-349B4DA23EB8}.Debug|Mixed Platforms.ActiveCfg = Debug|Win32
		{2FA5D6C6-3123-410C-9848-349B4DA23EB8}.Debug|Mixed Platforms.Build.0 = Debug|Win32
		{2FA5D6C6-3123-410C-9848-349B4DA23EB8}.Debug|Win32.ActiveCfg = Debug|Win32
		{2FA5D6C6-3123-410C-9848-349B4DA23EB8}.Debug|Win32.Build.0 = Debug|Win32
		{2FA5D6C6-3123-410C-9848-349B4DA23EB8}.Intel_SSA|Any CPU.ActiveCfg = Release|Win32
		{2FA5D6C6-3123-410C-9848-349B4DA23EB8}.Intel_SSA|Mixed Platforms.ActiveCfg = Release|Win32
		{2FA5D6C6-3123-410C-9848-349B4DA23EB8}.Intel_SSA|Mixed Platforms.Build.0 = Release|Win32
		{2FA5D6C6-3123-410C-9848-349B4DA23EB8}.Intel_SSA|Win32.ActiveCfg = Release|Win32
		{2FA5D6C6-3123-410C-9848-349B4DA23EB8}.Intel_SSA|Win32.Build.0 = Release|Win32
		{2FA5D6C6-3123-410C-9848-349B4DA23EB8}.Release|Any CPU.ActiveCfg = Release|Win32
		{2FA5D6C6-3123-410C-9848-349B4DA23EB8}.Release|Mixed Platforms.ActiveCfg = Release|Win32
		{2FA5D6C6-3123-410C-9848-349B4DA23EB8}.Release|Mixed Platforms.Build.0 = Release|Win32
		{2FA5D6C6-3123-410C-9848-349B4DA23EB8}.Release|Win32.ActiveCfg = Release|Win32
		{2FA5D6C6-3123-410C-9848-349B4DA23EB8}.Release|Win32.Build.0 = Release|Win32
		{B597F8AE-4699-4A29-8C0D-C1C0A5F73F94}.Debug|Any CPU.ActiveCfg = Debug|Win32
		{B597F8AE-4699-4A29-8C0D-C1C0A5F73F94}.Debug|Mixed Platforms.ActiveCfg = Debug|Win32
		{B597F8AE-4699-4A29-8C0D-C1C0A5F73F94}.Debug|Mixed Platforms.Build.0 = Debug|Win32
		{B597F8AE-4699-4A29-8C0D-C1C0A5F73F94}.Debug|Win32.ActiveCfg = Debug|Win32
		{B597F8AE-4699-4A29-8C0D-C1C0A5F73F94}.Debug|Win32.Build.0 = Debug|Win32
		{B597F8AE-4699-4A29-8C0D-C1C0A5F73F94}.Intel_SSA|Any CPU.ActiveCfg = Release|Win32
		{B597F8AE-4699-4A29-8C0D-C1C0A5F73F94}.Intel_SSA|Mixed Platforms.ActiveCfg = Release|Win32
		{B597F8AE-4699-4A29-8C0D-C1C0A5F73F94}.Intel_SSA|Mixed Platforms.Build.0 = Release|Win32
		{B597F8AE-4699-4A29-8C0D-C1C0A5F73F94}.Intel_SSA|Win32.ActiveCfg = Release|Win32
		{B597F8AE-4699-4A29-8C0D-C1C0A5F73F94}.Intel_SSA|Win32.Build.0 = Release|Win32
		{B597F8AE-4699-4A29-8C0D-C1C0A5F73F94}.Release|Any CPU.ActiveCfg = Release|Win32
		{B597F8AE-4699-4A29-8C0D-C1C0A5F73F94}.Release|Mixed Platforms.ActiveCfg = Release|Win32
		{B597F8AE-4699-4A29-8C0D-C1C0A5F73F94}.Release|Mixed Platforms.Build.0 = Release|Win32
		{B597F8AE-4699-4A29-8C0D-C1C0A5F73F94}.Release|Win32.ActiveCfg = Release|Win32
		{B597F8AE-4699-4A29-8C0D-C1C0A5F73F94}.Release|Win32.Build.0 = Release|Win32
		{0D4A8FA3-4D54-4DAD-A763-E18450892BA9}.Debug|Any CPU.ActiveCfg = Debug|Win32
		{0D4A8FA3-4D54-4DAD-A763-E18450892BA9}.Debug|Mixed Platforms.ActiveCfg = Debug|Win32
		{0D4A8FA3-4D54-4DAD-A763-E18450892BA9}.Debug|Mixed Platforms.Build.0 = Debug|Win32
		{0D4A8FA3-4D54-4DAD-A763-E18450892BA9}.Debug|Win32.ActiveCfg = Debug|Win32
		{0D4A8FA3-4D54-4DAD-A763-E18450892BA9}.Debug|Win32.Build.0 = Debug|Win32
		{0D4A8FA3-4D54-4DAD-A763-E18450892BA9}.Intel_SSA|Any CPU.ActiveCfg = Release|Win32
		{0D4A8FA3-4D54-4DAD-A763-E18450892BA9}.Intel_SSA|Mixed Platforms.ActiveCfg = Release|Win32
		{0D4A8FA3-4D54-4DAD-A763-E18450892BA9}.Intel_SSA|Mixed Platforms.Build.0 = Release|Win32
		{0D4A8FA3-4D54-4DAD-A763-E18450892BA9}.Intel_SSA|Win32.ActiveCfg = Release|Win32
		{0D4A8FA3-4D54-4DAD-A763-E18450892BA9}.Intel_SSA|Win32.Build.0 = Release|Win32
		{0D4A8FA3-4D54-4DAD-A763-E18450892BA9}.Release|Any CPU.ActiveCfg = Release|Win32
		{0D4A8FA3-4D54-4DAD-A763-E18450892BA9}.Release|Mixed Platforms.ActiveCfg = Release|Win32
		{0D4A8FA3-4D54-4DAD-A763-E18450892BA9}.Release|Mixed Platforms.Build.0 = Release|Win32
		{0D4A8FA3-4D54-4DAD-A763-E18450892BA9}.Release|Win32.ActiveCfg = Release|Win32
		{0D4A8FA3-4D54-4DAD-A763-E18450892BA9}.Release|Win32.Build.0 = Release|Win32
		{BC665FBC-1CC1-4441-B100-FC014DC8B550}.Debug|Any CPU.ActiveCfg = Debug|Win32
		{BC665FBC-1CC1-4441-B100-FC014DC8B550}.Debug|Mixed Platforms.ActiveCfg = Debug|Win32
		{BC665FBC-1CC1-4441-B100-FC014DC8B550}.Debug|Mixed Platforms.Build.0 = Debug|Win32
		{BC665FBC-1CC1-4441-B100-FC014DC8B550}.Debug|Win32.ActiveCfg = Debug|Win32
		{BC665FBC-1CC1-4441-B100-FC014DC8B550}.Debug|Win32.Build.0 = Debug|Win32
		{BC665FBC-1CC1-4441-B100-FC014DC8B550}.Intel_SSA|Any CPU.ActiveCfg = Release|Win32
		{BC665FBC-1CC1-4441-B100-FC014DC8B550}.Intel_SSA|Mixed Platforms.ActiveCfg = Release|Win32
		{BC665FBC-1CC1-4441-B100-FC014DC8B550}.Intel_SSA|Mixed Platforms.Build.0 = Release|Win32
		{BC665FBC-1CC1-4441-B100-FC014DC8B550}.Intel_SSA|Win32.ActiveCfg = Release|Win32
		{BC665FBC-1CC1-4441-B100-FC014DC8B550}.Intel_SSA|Win32.Build.0 = Release|Win32
		{BC665FBC-1CC1-4441-B100-FC014DC8B550}.Release|Any CPU.ActiveCfg = Release|Win32
		{BC665FBC-1CC1-4441-B100-FC014DC8B550}.Release|Mixed Platforms.ActiveCfg = Release|Win32
		{BC665FBC-1CC1-4441-B100-FC014DC8B550}.Release|Mixed Platforms.Build.0 = Release|Win32
		{BC665FBC-1CC1-4441-B100-FC014DC8B550}.Release|Win32.ActiveCfg = Release|Win32
		{BC665FBC-1CC1-4441-B100-FC014DC8B550}.Release|Win32.Build.0 = Release|Win32
		{24F829A7-464C-4515-AD9E-F828A4E39BCD}.Debug|Any CPU.ActiveCfg = Debug|Win32
		{24F829A7-464C-4515-AD9E-F828A4E39BCD}.Debug|Mixed Platforms.ActiveCfg = Debug|Win32
		{24F829A7-464C-4515-AD9E-F828A4E39BCD}.Debug|Mixed Platforms.Build.0 = Debug|Win32
		{24F829A7-464C-4515-AD9E-F828A4E39BCD}.Debug|Win32.ActiveCfg = Debug|Win32
		{24F829A7-464C-4515-AD9E-F828A4E39BCD}.Debug|Win32.Build.0 = Debug|Win32
		{24F829A7-464C-4515-AD9E-F828A4E39BCD}.Intel_SSA|Any CPU.ActiveCfg = Release|Win32
		{24F829A7-464C-4515-AD9E-F828A4E39BCD}.Intel_SSA|Mixed Platforms.ActiveCfg = Release|Win32
		{24F829A7-464C-4515-AD9E-F828A4E39BCD}.Intel_SSA|Mixed Platforms.Build.0 = Release|Win32
		{24F829A7-464C-4515-AD9E-F828A4E39BCD}.Intel_SSA|Win32.ActiveCfg = Release|Win32
		{24F829A7-464C-4515-AD9E-F828A4E39BCD}.Intel_SSA|Win32.Build.0 = Release|Win32
		{24F829A7-464C-4515-AD9E-F828A4E39BCD}.Release|Any CPU.ActiveCfg = Release|Win32
		{24F829A7-464C-4515-AD9E-F828A4E39BCD}.Release|Mixed Platforms.ActiveCfg = Release|Win32
		{24F829A7-464C-4515-AD9E-F828A4E39BCD}.Release|Mixed Platforms.Build.0 = Release|Win32
		{24F829A7-464C-4515-AD9E-F828A4E39BCD}.Release|Win32.ActiveCfg = Release|Win32
		{24F829A7-464C-4515-AD9E-F828A4E39BCD}.Release|Win32.Build.0 = Release|Win32
	EndGlobalSection
	GlobalSection(SolutionProperties) = preSolution
		HideSolutionNode = FALSE
	EndGlobalSection
EndGlobal
